{
  "name": "ytpr-env-mapper",
  "version": "1.0.0",
  "lockfileVersion": 1,
  "requires": true,
  "dependencies": {
    "argparse": {
      "version": "1.0.10",
      "resolved": "https://registry.npmjs.org/argparse/-/argparse-1.0.10.tgz",
      "integrity": "sha512-o5Roy6tNG4SL/FOkCAN6RzjiakZS25RLYFrcMttJqbdd8BWrnA+fGz57iN5Pb06pvBGvl5gQ0B48dJlslXvoTg==",
      "requires": {
        "sprintf-js": "~1.0.2"
      }
    },
    "env-app-yaml": {
      "version": "1.0.0",
      "resolved": "https://registry.npmjs.org/env-app-yaml/-/env-app-yaml-1.0.0.tgz",
      "integrity": "sha1-2b5HIrwAlo4JPSjfBCMWvJFp4CY=",
      "requires": {
        "js-yaml": "^3.8.4"
      }
    },
    "env-var": {
      "version": "5.2.0",
      "resolved": "https://registry.npmjs.org/env-var/-/env-var-5.2.0.tgz",
      "integrity": "sha512-D4vkwxt0aPY9SiQi6l/K57BvLn2aqASzExVlEpz7dHXVczbQmd1V3DQMMkTaPf4/tKvYAivX8oSRl86XGiDpTQ=="
    },
    "esprima": {
      "version": "4.0.1",
      "resolved": "https://registry.npmjs.org/esprima/-/esprima-4.0.1.tgz",
      "integrity": "sha512-eGuFFw7Upda+g4p+QHvnW0RyTX/SVeJBDM/gCtMARO0cLuT2HcEKnTPvhjV6aGeqrCB/sbNop0Kszm0jsaWU4A=="
    },
    "extend-shallow": {
      "version": "2.0.1",
      "resolved": "https://registry.npmjs.org/extend-shallow/-/extend-shallow-2.0.1.tgz",
      "integrity": "sha1-Ua99YUrZqfYQ6huvu5idaxxWiQ8=",
      "requires": {
        "is-extendable": "^0.1.0"
      }
    },
    "fs-exists-sync": {
      "version": "0.1.0",
      "resolved": "https://registry.npmjs.org/fs-exists-sync/-/fs-exists-sync-0.1.0.tgz",
      "integrity": "sha1-mC1ok6+RjnLQjeyehnP/K1qNat0="
    },
    "is-extendable": {
      "version": "0.1.1",
      "resolved": "https://registry.npmjs.org/is-extendable/-/is-extendable-0.1.1.tgz",
      "integrity": "sha1-YrEQ4omkcUGOPsNqYX1HLjAd/Ik="
    },
    "js-yaml": {
      "version": "3.13.1",
      "resolved": "https://registry.npmjs.org/js-yaml/-/js-yaml-3.13.1.tgz",
      "integrity": "sha512-YfbcO7jXDdyj0DGxYVSlSeQNHbD7XPWvrVWeVUujrQEoZzWJIRrCPoyk6kL6IAjAG2IolMK4T0hNUe0HOUs5Jw==",
      "requires": {
        "argparse": "^1.0.7",
        "esprima": "^4.0.0"
      }
    },
    "minimist": {
      "version": "0.0.8",
      "resolved": "https://registry.npmjs.org/minimist/-/minimist-0.0.8.tgz",
      "integrity": "sha1-hX/Kv8M5fSYluCKCYuhqp6ARsF0="
    },
    "mkdirp": {
      "version": "0.5.1",
      "resolved": "https://registry.npmjs.org/mkdirp/-/mkdirp-0.5.1.tgz",
      "integrity": "sha1-MAV0OOrGz3+MR2fzhkjWaX11yQM=",
      "requires": {
        "minimist": "0.0.8"
      }
    },
    "sprintf-js": {
      "version": "1.0.3",
      "resolved": "https://registry.npmjs.org/sprintf-js/-/sprintf-js-1.0.3.tgz",
      "integrity": "sha1-BOaSb2YolTVPPdAVIDYzuFcpfiw="
    },
    "write": {
      "version": "0.3.3",
      "resolved": "https://registry.npmjs.org/write/-/write-0.3.3.tgz",
      "integrity": "sha1-Cc3FohVWB+4nn0XjjZGuKftqUXg=",
      "requires": {
        "fs-exists-sync": "^0.1.0",
        "mkdirp": "^0.5.1"
      }
    },
    "write-yaml": {
      "version": "1.0.0",
      "resolved": "https://registry.npmjs.org/write-yaml/-/write-yaml-1.0.0.tgz",
      "integrity": "sha1-MUWWEZ0NuRJHy8g1vOADO24LoJ4=",
      "requires": {
        "extend-shallow": "^2.0.1",
        "js-yaml": "^3.8.3",
        "write": "^0.3.3"
      }
    }
  }
}
